
Microsoft Visual Studio Solution File, Format Version 12.00
# Visual Studio Version 16
VisualStudioVersion = 16.0.29806.167
MinimumVisualStudioVersion = 10.0.40219.1
Project("{FAE04EC0-301F-11D3-BF4B-00C04F79EFBC}") = "DesktopAssistant", "DesktopAssistant.csproj", "{68EB5ED6-6F94-4E0C-B509-889692E6870F}"
EndProject
Global
	GlobalSection(SolutionConfigurationPlatforms) = preSolution
		Debug|Any CPU = Debug|Any CPU
		Release|Any CPU = Release|Any CPU
	EndGlobalSection
	GlobalSection(ProjectConfigurationPlatforms) = postSolution
		{68EB5ED6-6F94-4E0C-B509-889692E6870F}.Debug|Any CPU.ActiveCfg = Debug|Any CPU
		{68EB5ED6-6F94-4E0C-B509-889692E6870F}.Debug|Any CPU.Build.0 = Debug|Any CPU
		{68EB5ED6-6F94-4E0C-B509-889692E6870F}.Release|Any CPU.ActiveCfg = Release|Any CPU
		{68EB5ED6-6F94-4E0C-B509-889692E6870F}.Release|Any CPU.Build.0 = Release|Any CPU
	EndGlobalSection
	GlobalSection(SolutionProperties) = preSolution
		HideSolutionNode = FALSE
	EndGlobalSection
	GlobalSection(ExtensibilityGlobals) = postSolution
		SolutionGuid = {D4EB75F7-77C3-4A03-8EEE-29D727D06692}
	EndGlobalSection
EndGlobal
